
Microsoft Visual Studio Solution File, Format Version 12.00
# Visual Studio Version 16
VisualStudioVersion = 16.0.31515.178
MinimumVisualStudioVersion = 10.0.40219.1
Project("{FAE04EC0-301F-11D3-BF4B-00C04F79EFBC}") = "001.string", "001.string\001.string.csproj", "{A65AE2D7-A624-4350-8373-7496AAA61656}"
EndProject
Project("{FAE04EC0-301F-11D3-BF4B-00C04F79EFBC}") = "002.StringBuilder", "002.StringBuilder\002.StringBuilder.csproj", "{BA704E9C-3425-4C5E-86A1-381632ABDA35}"
EndProject
Project("{FAE04EC0-301F-11D3-BF4B-00C04F79EFBC}") = "003.RegularExpression", "003.RegularExpression\003.RegularExpression.csproj", "{6EA28C71-EBC5-43DF-8A2F-4D1062A0A2C1}"
EndProject
Project("{FAE04EC0-301F-11D3-BF4B-00C04F79EFBC}") = "004.Delegate", "004.Delegate\004.Delegate.csproj", "{3B3DA3EE-7581-4B93-86A7-646881A7954D}"
EndProject
Project("{FAE04EC0-301F-11D3-BF4B-00C04F79EFBC}") = "005.Func", "005.Func\005.Func.csproj", "{825C051D-8A6C-4F1F-9E56-43750D4CEDDB}"
EndProject
Project("{FAE04EC0-301F-11D3-BF4B-00C04F79EFBC}") = "006.MulticastDelegate", "006.MulticastDelegate\006.MulticastDelegate.csproj", "{C17BD5CD-F20E-4B1D-B81D-834B56AB8265}"
EndProject
Project("{FAE04EC0-301F-11D3-BF4B-00C04F79EFBC}") = "007.AnonymousFunc", "007.AnonymousFunc\007.AnonymousFunc.csproj", "{567A03F7-194A-4B8C-8E73-02064637F1FF}"
EndProject
Project("{FAE04EC0-301F-11D3-BF4B-00C04F79EFBC}") = "008.Lambda", "008.Lambda\008.Lambda.csproj", "{BE31BB85-9930-4DD0-8B07-5D6F538CDD9D}"
EndProject
Project("{FAE04EC0-301F-11D3-BF4B-00C04F79EFBC}") = "009.Event", "009.Event\009.Event.csproj", "{4186A1BA-7351-4EAF-92BF-94978F9826A5}"
EndProject
Project("{FAE04EC0-301F-11D3-BF4B-00C04F79EFBC}") = "010.ObserverCat", "010.ObserverCat\010.ObserverCat.csproj", "{AEE50FAD-785E-49D5-B038-FC837178391B}"
EndProject
Project("{FAE04EC0-301F-11D3-BF4B-00C04F79EFBC}") = "011.LINQ", "011.LINQ\011.LINQ.csproj", "{1ADD7930-8689-4C77-83CE-BCE1AB821606}"
EndProject
Project("{FAE04EC0-301F-11D3-BF4B-00C04F79EFBC}") = "012.Reflection", "012.Reflection\012.Reflection.csproj", "{ED6548C5-9D17-496A-AD74-7F84514A00A7}"
EndProject
Project("{FAE04EC0-301F-11D3-BF4B-00C04F79EFBC}") = "013.Features", "013.Features\013.Features.csproj", "{C8E51603-E2A9-47F5-BBD2-93A00DB50375}"
EndProject
Project("{FAE04EC0-301F-11D3-BF4B-00C04F79EFBC}") = "014.Threading", "014.Threading\014.Threading.csproj", "{3A79D683-A435-4FE9-A49D-9780FE1DD8FA}"
EndProject
Project("{FAE04EC0-301F-11D3-BF4B-00C04F79EFBC}") = "015.Thread", "015.Thread\015.Thread.csproj", "{D1362923-7D49-49BE-BE42-9DDB2B930684}"
EndProject
Project("{FAE04EC0-301F-11D3-BF4B-00C04F79EFBC}") = "016.ThreadPool", "016.ThreadPool\016.ThreadPool.csproj", "{D3C870AB-E77C-4754-84F9-AF0811C3DA4E}"
EndProject
Project("{FAE04EC0-301F-11D3-BF4B-00C04F79EFBC}") = "017.ThreadTask", "017.ThreadTask\017.ThreadTask.csproj", "{F1A98744-70B9-40A0-8E8D-1FFF3191B3B6}"
EndProject
Project("{FAE04EC0-301F-11D3-BF4B-00C04F79EFBC}") = "018.ThreadTrouble", "018.ThreadTrouble\018.ThreadTrouble.csproj", "{7DE22DD3-4E04-40DB-8048-DD07ABEE30EF}"
EndProject
Project("{FAE04EC0-301F-11D3-BF4B-00C04F79EFBC}") = "019.SocketTcpServer", "019.SocketTcpServer\019.SocketTcpServer.csproj", "{F43A348C-7D09-4A4A-A849-6E738E164EE6}"
EndProject
Project("{FAE04EC0-301F-11D3-BF4B-00C04F79EFBC}") = "020.SocketTcpClient", "020.SocketTcpClient\020.SocketTcpClient.csproj", "{0F051826-AA4B-431F-8EED-058FCFCD8957}"
EndProject
Project("{FAE04EC0-301F-11D3-BF4B-00C04F79EFBC}") = "021.ChatRoomServer", "021.ChatRoomServer\021.ChatRoomServer.csproj", "{399ABA79-D914-4C97-AB06-65FAB045781A}"
EndProject
Project("{FAE04EC0-301F-11D3-BF4B-00C04F79EFBC}") = "022.SocketUDPServer", "022.SocketUDPServer\022.SocketUDPServer.csproj", "{75800AD4-8BFB-422F-8308-80634A53192D}"
EndProject
Project("{FAE04EC0-301F-11D3-BF4B-00C04F79EFBC}") = "023.SocketUDPClient", "023.SocketUDPClient\023.SocketUDPClient.csproj", "{00BF2087-8711-4A39-94CA-D71F3EC3496A}"
EndProject
Project("{FAE04EC0-301F-11D3-BF4B-00C04F79EFBC}") = "024.TcpListener", "024.TcpListener\024.TcpListener.csproj", "{D774E41F-822A-42AA-AFC0-ECB44FC64F3E}"
EndProject
Project("{FAE04EC0-301F-11D3-BF4B-00C04F79EFBC}") = "025.TcpClient", "025.TcpClient\025.TcpClient.csproj", "{AC5FD1E7-800C-4E4C-A4A0-1687699AF590}"
EndProject
Project("{FAE04EC0-301F-11D3-BF4B-00C04F79EFBC}") = "026.UdpClientS", "026.UdpClient\026.UdpClientS.csproj", "{901CAB68-82F9-4996-9E7E-E9CD265D12FB}"
EndProject
Project("{FAE04EC0-301F-11D3-BF4B-00C04F79EFBC}") = "027.UdpClientC", "027.UdpClientC\027.UdpClientC.csproj", "{EB079629-C5FE-461A-9848-73DD30AEAD98}"
EndProject
Project("{FAE04EC0-301F-11D3-BF4B-00C04F79EFBC}") = "028.FileOperator", "028.FileOperator\028.FileOperator.csproj", "{73FB9719-C2D3-457E-8165-7E008C3D3264}"
EndProject
Project("{FAE04EC0-301F-11D3-BF4B-00C04F79EFBC}") = "029.FileReadWrite", "029.FileReadWrite\029.FileReadWrite.csproj", "{C1959F2A-375C-407E-8BD7-0AE038F21A6A}"
EndProject
Project("{FAE04EC0-301F-11D3-BF4B-00C04F79EFBC}") = "030.FileStream", "030.FileStream\030.FileStream.csproj", "{5D8F2157-7600-4A48-8F91-BC660AEDB25C}"
EndProject
Project("{FAE04EC0-301F-11D3-BF4B-00C04F79EFBC}") = "031.StreamReaderAndStreamWriter", "031.StreamReaderAndStreamWriter\031.StreamReaderAndStreamWriter.csproj", "{BB64DDB5-FE29-4EEB-9A95-2FD9B2956206}"
EndProject
Project("{FAE04EC0-301F-11D3-BF4B-00C04F79EFBC}") = "031.Xml", "031.Xml\031.Xml.csproj", "{3C3CBE10-C392-4F68-85F7-ECA6F108F66A}"
EndProject
Project("{FAE04EC0-301F-11D3-BF4B-00C04F79EFBC}") = "032.XmlExample", "032.XmlExample\032.XmlExample.csproj", "{05C606E5-186C-4D71-9828-BEC8C3A77A90}"
EndProject
Project("{FAE04EC0-301F-11D3-BF4B-00C04F79EFBC}") = "033.Json", "033.Json\033.Json.csproj", "{BB458DEF-ACEC-45F4-9A98-AEF1162C01A6}"
EndProject
Project("{FAE04EC0-301F-11D3-BF4B-00C04F79EFBC}") = "034.Excel", "034.Excel\034.Excel.csproj", "{EE50618C-64D7-4504-AC8C-56CBFF9DF666}"
EndProject
Global
	GlobalSection(SolutionConfigurationPlatforms) = preSolution
		Debug|Any CPU = Debug|Any CPU
		Release|Any CPU = Release|Any CPU
	EndGlobalSection
	GlobalSection(ProjectConfigurationPlatforms) = postSolution
		{A65AE2D7-A624-4350-8373-7496AAA61656}.Debug|Any CPU.ActiveCfg = Debug|Any CPU
		{A65AE2D7-A624-4350-8373-7496AAA61656}.Debug|Any CPU.Build.0 = Debug|Any CPU
		{A65AE2D7-A624-4350-8373-7496AAA61656}.Release|Any CPU.ActiveCfg = Release|Any CPU
		{A65AE2D7-A624-4350-8373-7496AAA61656}.Release|Any CPU.Build.0 = Release|Any CPU
		{BA704E9C-3425-4C5E-86A1-381632ABDA35}.Debug|Any CPU.ActiveCfg = Debug|Any CPU
		{BA704E9C-3425-4C5E-86A1-381632ABDA35}.Debug|Any CPU.Build.0 = Debug|Any CPU
		{BA704E9C-3425-4C5E-86A1-381632ABDA35}.Release|Any CPU.ActiveCfg = Release|Any CPU
		{BA704E9C-3425-4C5E-86A1-381632ABDA35}.Release|Any CPU.Build.0 = Release|Any CPU
		{6EA28C71-EBC5-43DF-8A2F-4D1062A0A2C1}.Debug|Any CPU.ActiveCfg = Debug|Any CPU
		{6EA28C71-EBC5-43DF-8A2F-4D1062A0A2C1}.Debug|Any CPU.Build.0 = Debug|Any CPU
		{6EA28C71-EBC5-43DF-8A2F-4D1062A0A2C1}.Release|Any CPU.ActiveCfg = Release|Any CPU
		{6EA28C71-EBC5-43DF-8A2F-4D1062A0A2C1}.Release|Any CPU.Build.0 = Release|Any CPU
		{3B3DA3EE-7581-4B93-86A7-646881A7954D}.Debug|Any CPU.ActiveCfg = Debug|Any CPU
		{3B3DA3EE-7581-4B93-86A7-646881A7954D}.Debug|Any CPU.Build.0 = Debug|Any CPU
		{3B3DA3EE-7581-4B93-86A7-646881A7954D}.Release|Any CPU.ActiveCfg = Release|Any CPU
		{3B3DA3EE-7581-4B93-86A7-646881A7954D}.Release|Any CPU.Build.0 = Release|Any CPU
		{825C051D-8A6C-4F1F-9E56-43750D4CEDDB}.Debug|Any CPU.ActiveCfg = Debug|Any CPU
		{825C051D-8A6C-4F1F-9E56-43750D4CEDDB}.Debug|Any CPU.Build.0 = Debug|Any CPU
		{825C051D-8A6C-4F1F-9E56-43750D4CEDDB}.Release|Any CPU.ActiveCfg = Release|Any CPU
		{825C051D-8A6C-4F1F-9E56-43750D4CEDDB}.Release|Any CPU.Build.0 = Release|Any CPU
		{C17BD5CD-F20E-4B1D-B81D-834B56AB8265}.Debug|Any CPU.ActiveCfg = Debug|Any CPU
		{C17BD5CD-F20E-4B1D-B81D-834B56AB8265}.Debug|Any CPU.Build.0 = Debug|Any CPU
		{C17BD5CD-F20E-4B1D-B81D-834B56AB8265}.Release|Any CPU.ActiveCfg = Release|Any CPU
		{C17BD5CD-F20E-4B1D-B81D-834B56AB8265}.Release|Any CPU.Build.0 = Release|Any CPU
		{567A03F7-194A-4B8C-8E73-02064637F1FF}.Debug|Any CPU.ActiveCfg = Debug|Any CPU
		{567A03F7-194A-4B8C-8E73-02064637F1FF}.Debug|Any CPU.Build.0 = Debug|Any CPU
		{567A03F7-194A-4B8C-8E73-02064637F1FF}.Release|Any CPU.ActiveCfg = Release|Any CPU
		{567A03F7-194A-4B8C-8E73-02064637F1FF}.Release|Any CPU.Build.0 = Release|Any CPU
		{BE31BB85-9930-4DD0-8B07-5D6F538CDD9D}.Debug|Any CPU.ActiveCfg = Debug|Any CPU
		{BE31BB85-9930-4DD0-8B07-5D6F538CDD9D}.Debug|Any CPU.Build.0 = Debug|Any CPU
		{BE31BB85-9930-4DD0-8B07-5D6F538CDD9D}.Release|Any CPU.ActiveCfg = Release|Any CPU
		{BE31BB85-9930-4DD0-8B07-5D6F538CDD9D}.Release|Any CPU.Build.0 = Release|Any CPU
		{4186A1BA-7351-4EAF-92BF-94978F9826A5}.Debug|Any CPU.ActiveCfg = Debug|Any CPU
		{4186A1BA-7351-4EAF-92BF-94978F9826A5}.Debug|Any CPU.Build.0 = Debug|Any CPU
		{4186A1BA-7351-4EAF-92BF-94978F9826A5}.Release|Any CPU.ActiveCfg = Release|Any CPU
		{4186A1BA-7351-4EAF-92BF-94978F9826A5}.Release|Any CPU.Build.0 = Release|Any CPU
		{AEE50FAD-785E-49D5-B038-FC837178391B}.Debug|Any CPU.ActiveCfg = Debug|Any CPU
		{AEE50FAD-785E-49D5-B038-FC837178391B}.Debug|Any CPU.Build.0 = Debug|Any CPU
		{AEE50FAD-785E-49D5-B038-FC837178391B}.Release|Any CPU.ActiveCfg = Release|Any CPU
		{AEE50FAD-785E-49D5-B038-FC837178391B}.Release|Any CPU.Build.0 = Release|Any CPU
		{1ADD7930-8689-4C77-83CE-BCE1AB821606}.Debug|Any CPU.ActiveCfg = Debug|Any CPU
		{1ADD7930-8689-4C77-83CE-BCE1AB821606}.Debug|Any CPU.Build.0 = Debug|Any CPU
		{1ADD7930-8689-4C77-83CE-BCE1AB821606}.Release|Any CPU.ActiveCfg = Release|Any CPU
		{1ADD7930-8689-4C77-83CE-BCE1AB821606}.Release|Any CPU.Build.0 = Release|Any CPU
		{ED6548C5-9D17-496A-AD74-7F84514A00A7}.Debug|Any CPU.ActiveCfg = Debug|Any CPU
		{ED6548C5-9D17-496A-AD74-7F84514A00A7}.Debug|Any CPU.Build.0 = Debug|Any CPU
		{ED6548C5-9D17-496A-AD74-7F84514A00A7}.Release|Any CPU.ActiveCfg = Release|Any CPU
		{ED6548C5-9D17-496A-AD74-7F84514A00A7}.Release|Any CPU.Build.0 = Release|Any CPU
		{C8E51603-E2A9-47F5-BBD2-93A00DB50375}.Debug|Any CPU.ActiveCfg = Debug|Any CPU
		{C8E51603-E2A9-47F5-BBD2-93A00DB50375}.Debug|Any CPU.Build.0 = Debug|Any CPU
		{C8E51603-E2A9-47F5-BBD2-93A00DB50375}.Release|Any CPU.ActiveCfg = Release|Any CPU
		{C8E51603-E2A9-47F5-BBD2-93A00DB50375}.Release|Any CPU.Build.0 = Release|Any CPU
		{3A79D683-A435-4FE9-A49D-9780FE1DD8FA}.Debug|Any CPU.ActiveCfg = Debug|Any CPU
		{3A79D683-A435-4FE9-A49D-9780FE1DD8FA}.Debug|Any CPU.Build.0 = Debug|Any CPU
		{3A79D683-A435-4FE9-A49D-9780FE1DD8FA}.Release|Any CPU.ActiveCfg = Release|Any CPU
		{3A79D683-A435-4FE9-A49D-9780FE1DD8FA}.Release|Any CPU.Build.0 = Release|Any CPU
		{D1362923-7D49-49BE-BE42-9DDB2B930684}.Debug|Any CPU.ActiveCfg = Debug|Any CPU
		{D1362923-7D49-49BE-BE42-9DDB2B930684}.Debug|Any CPU.Build.0 = Debug|Any CPU
		{D1362923-7D49-49BE-BE42-9DDB2B930684}.Release|Any CPU.ActiveCfg = Release|Any CPU
		{D1362923-7D49-49BE-BE42-9DDB2B930684}.Release|Any CPU.Build.0 = Release|Any CPU
		{D3C870AB-E77C-4754-84F9-AF0811C3DA4E}.Debug|Any CPU.ActiveCfg = Debug|Any CPU
		{D3C870AB-E77C-4754-84F9-AF0811C3DA4E}.Debug|Any CPU.Build.0 = Debug|Any CPU
		{D3C870AB-E77C-4754-84F9-AF0811C3DA4E}.Release|Any CPU.ActiveCfg = Release|Any CPU
		{D3C870AB-E77C-4754-84F9-AF0811C3DA4E}.Release|Any CPU.Build.0 = Release|Any CPU
		{F1A98744-70B9-40A0-8E8D-1FFF3191B3B6}.Debug|Any CPU.ActiveCfg = Debug|Any CPU
		{F1A98744-70B9-40A0-8E8D-1FFF3191B3B6}.Debug|Any CPU.Build.0 = Debug|Any CPU
		{F1A98744-70B9-40A0-8E8D-1FFF3191B3B6}.Release|Any CPU.ActiveCfg = Release|Any CPU
		{F1A98744-70B9-40A0-8E8D-1FFF3191B3B6}.Release|Any CPU.Build.0 = Release|Any CPU
		{7DE22DD3-4E04-40DB-8048-DD07ABEE30EF}.Debug|Any CPU.ActiveCfg = Debug|Any CPU
		{7DE22DD3-4E04-40DB-8048-DD07ABEE30EF}.Debug|Any CPU.Build.0 = Debug|Any CPU
		{7DE22DD3-4E04-40DB-8048-DD07ABEE30EF}.Release|Any CPU.ActiveCfg = Release|Any CPU
		{7DE22DD3-4E04-40DB-8048-DD07ABEE30EF}.Release|Any CPU.Build.0 = Release|Any CPU
		{F43A348C-7D09-4A4A-A849-6E738E164EE6}.Debug|Any CPU.ActiveCfg = Debug|Any CPU
		{F43A348C-7D09-4A4A-A849-6E738E164EE6}.Debug|Any CPU.Build.0 = Debug|Any CPU
		{F43A348C-7D09-4A4A-A849-6E738E164EE6}.Release|Any CPU.ActiveCfg = Release|Any CPU
		{F43A348C-7D09-4A4A-A849-6E738E164EE6}.Release|Any CPU.Build.0 = Release|Any CPU
		{0F051826-AA4B-431F-8EED-058FCFCD8957}.Debug|Any CPU.ActiveCfg = Debug|Any CPU
		{0F051826-AA4B-431F-8EED-058FCFCD8957}.Debug|Any CPU.Build.0 = Debug|Any CPU
		{0F051826-AA4B-431F-8EED-058FCFCD8957}.Release|Any CPU.ActiveCfg = Release|Any CPU
		{0F051826-AA4B-431F-8EED-058FCFCD8957}.Release|Any CPU.Build.0 = Release|Any CPU
		{399ABA79-D914-4C97-AB06-65FAB045781A}.Debug|Any CPU.ActiveCfg = Debug|Any CPU
		{399ABA79-D914-4C97-AB06-65FAB045781A}.Debug|Any CPU.Build.0 = Debug|Any CPU
		{399ABA79-D914-4C97-AB06-65FAB045781A}.Release|Any CPU.ActiveCfg = Release|Any CPU
		{399ABA79-D914-4C97-AB06-65FAB045781A}.Release|Any CPU.Build.0 = Release|Any CPU
		{75800AD4-8BFB-422F-8308-80634A53192D}.Debug|Any CPU.ActiveCfg = Debug|Any CPU
		{75800AD4-8BFB-422F-8308-80634A53192D}.Debug|Any CPU.Build.0 = Debug|Any CPU
		{75800AD4-8BFB-422F-8308-80634A53192D}.Release|Any CPU.ActiveCfg = Release|Any CPU
		{75800AD4-8BFB-422F-8308-80634A53192D}.Release|Any CPU.Build.0 = Release|Any CPU
		{00BF2087-8711-4A39-94CA-D71F3EC3496A}.Debug|Any CPU.ActiveCfg = Debug|Any CPU
		{00BF2087-8711-4A39-94CA-D71F3EC3496A}.Debug|Any CPU.Build.0 = Debug|Any CPU
		{00BF2087-8711-4A39-94CA-D71F3EC3496A}.Release|Any CPU.ActiveCfg = Release|Any CPU
		{00BF2087-8711-4A39-94CA-D71F3EC3496A}.Release|Any CPU.Build.0 = Release|Any CPU
		{D774E41F-822A-42AA-AFC0-ECB44FC64F3E}.Debug|Any CPU.ActiveCfg = Debug|Any CPU
		{D774E41F-822A-42AA-AFC0-ECB44FC64F3E}.Debug|Any CPU.Build.0 = Debug|Any CPU
		{D774E41F-822A-42AA-AFC0-ECB44FC64F3E}.Release|Any CPU.ActiveCfg = Release|Any CPU
		{D774E41F-822A-42AA-AFC0-ECB44FC64F3E}.Release|Any CPU.Build.0 = Release|Any CPU
		{AC5FD1E7-800C-4E4C-A4A0-1687699AF590}.Debug|Any CPU.ActiveCfg = Debug|Any CPU
		{AC5FD1E7-800C-4E4C-A4A0-1687699AF590}.Debug|Any CPU.Build.0 = Debug|Any CPU
		{AC5FD1E7-800C-4E4C-A4A0-1687699AF590}.Release|Any CPU.ActiveCfg = Release|Any CPU
		{AC5FD1E7-800C-4E4C-A4A0-1687699AF590}.Release|Any CPU.Build.0 = Release|Any CPU
		{901CAB68-82F9-4996-9E7E-E9CD265D12FB}.Debug|Any CPU.ActiveCfg = Debug|Any CPU
		{901CAB68-82F9-4996-9E7E-E9CD265D12FB}.Debug|Any CPU.Build.0 = Debug|Any CPU
		{901CAB68-82F9-4996-9E7E-E9CD265D12FB}.Release|Any CPU.ActiveCfg = Release|Any CPU
		{901CAB68-82F9-4996-9E7E-E9CD265D12FB}.Release|Any CPU.Build.0 = Release|Any CPU
		{EB079629-C5FE-461A-9848-73DD30AEAD98}.Debug|Any CPU.ActiveCfg = Debug|Any CPU
		{EB079629-C5FE-461A-9848-73DD30AEAD98}.Debug|Any CPU.Build.0 = Debug|Any CPU
		{EB079629-C5FE-461A-9848-73DD30AEAD98}.Release|Any CPU.ActiveCfg = Release|Any CPU
		{EB079629-C5FE-461A-9848-73DD30AEAD98}.Release|Any CPU.Build.0 = Release|Any CPU
		{73FB9719-C2D3-457E-8165-7E008C3D3264}.Debug|Any CPU.ActiveCfg = Debug|Any CPU
		{73FB9719-C2D3-457E-8165-7E008C3D3264}.Debug|Any CPU.Build.0 = Debug|Any CPU
		{73FB9719-C2D3-457E-8165-7E008C3D3264}.Release|Any CPU.ActiveCfg = Release|Any CPU
		{73FB9719-C2D3-457E-8165-7E008C3D3264}.Release|Any CPU.Build.0 = Release|Any CPU
		{C1959F2A-375C-407E-8BD7-0AE038F21A6A}.Debug|Any CPU.ActiveCfg = Debug|Any CPU
		{C1959F2A-375C-407E-8BD7-0AE038F21A6A}.Debug|Any CPU.Build.0 = Debug|Any CPU
		{C1959F2A-375C-407E-8BD7-0AE038F21A6A}.Release|Any CPU.ActiveCfg = Release|Any CPU
		{C1959F2A-375C-407E-8BD7-0AE038F21A6A}.Release|Any CPU.Build.0 = Release|Any CPU
		{5D8F2157-7600-4A48-8F91-BC660AEDB25C}.Debug|Any CPU.ActiveCfg = Debug|Any CPU
		{5D8F2157-7600-4A48-8F91-BC660AEDB25C}.Debug|Any CPU.Build.0 = Debug|Any CPU
		{5D8F2157-7600-4A48-8F91-BC660AEDB25C}.Release|Any CPU.ActiveCfg = Release|Any CPU
		{5D8F2157-7600-4A48-8F91-BC660AEDB25C}.Release|Any CPU.Build.0 = Release|Any CPU
		{BB64DDB5-FE29-4EEB-9A95-2FD9B2956206}.Debug|Any CPU.ActiveCfg = Debug|Any CPU
		{BB64DDB5-FE29-4EEB-9A95-2FD9B2956206}.Debug|Any CPU.Build.0 = Debug|Any CPU
		{BB64DDB5-FE29-4EEB-9A95-2FD9B2956206}.Release|Any CPU.ActiveCfg = Release|Any CPU
		{BB64DDB5-FE29-4EEB-9A95-2FD9B2956206}.Release|Any CPU.Build.0 = Release|Any CPU
		{3C3CBE10-C392-4F68-85F7-ECA6F108F66A}.Debug|Any CPU.ActiveCfg = Debug|Any CPU
		{3C3CBE10-C392-4F68-85F7-ECA6F108F66A}.Debug|Any CPU.Build.0 = Debug|Any CPU
		{3C3CBE10-C392-4F68-85F7-ECA6F108F66A}.Release|Any CPU.ActiveCfg = Release|Any CPU
		{3C3CBE10-C392-4F68-85F7-ECA6F108F66A}.Release|Any CPU.Build.0 = Release|Any CPU
		{05C606E5-186C-4D71-9828-BEC8C3A77A90}.Debug|Any CPU.ActiveCfg = Debug|Any CPU
		{05C606E5-186C-4D71-9828-BEC8C3A77A90}.Debug|Any CPU.Build.0 = Debug|Any CPU
		{05C606E5-186C-4D71-9828-BEC8C3A77A90}.Release|Any CPU.ActiveCfg = Release|Any CPU
		{05C606E5-186C-4D71-9828-BEC8C3A77A90}.Release|Any CPU.Build.0 = Release|Any CPU
		{BB458DEF-ACEC-45F4-9A98-AEF1162C01A6}.Debug|Any CPU.ActiveCfg = Debug|Any CPU
		{BB458DEF-ACEC-45F4-9A98-AEF1162C01A6}.Debug|Any CPU.Build.0 = Debug|Any CPU
		{BB458DEF-ACEC-45F4-9A98-AEF1162C01A6}.Release|Any CPU.ActiveCfg = Release|Any CPU
		{BB458DEF-ACEC-45F4-9A98-AEF1162C01A6}.Release|Any CPU.Build.0 = Release|Any CPU
		{EE50618C-64D7-4504-AC8C-56CBFF9DF666}.Debug|Any CPU.ActiveCfg = Debug|Any CPU
		{EE50618C-64D7-4504-AC8C-56CBFF9DF666}.Debug|Any CPU.Build.0 = Debug|Any CPU
		{EE50618C-64D7-4504-AC8C-56CBFF9DF666}.Release|Any CPU.ActiveCfg = Release|Any CPU
		{EE50618C-64D7-4504-AC8C-56CBFF9DF666}.Release|Any CPU.Build.0 = Release|Any CPU
	EndGlobalSection
	GlobalSection(SolutionProperties) = preSolution
		HideSolutionNode = FALSE
	EndGlobalSection
	GlobalSection(ExtensibilityGlobals) = postSolution
		SolutionGuid = {5B6525A4-7C54-4BD0-893D-C76E2DFBE9F9}
	EndGlobalSection
EndGlobal
